{
  "name": "fast-geoip",
  "version": "1.1.81",
  "lockfileVersion": 1,
  "requires": true,
  "dependencies": {
    "@types/node": {
      "version": "14.0.20",
      "resolved": "https://registry.npmjs.org/@types/node/-/node-14.0.20.tgz",
      "integrity": "sha512-MRn/NP3dee8yL5QhbSA6riuwkS+UOcsPUMOIOG3KMUQpuor/2TopdRBu8QaaB4fGU+gz/bzyDWt0FtUbeJ8H1A==",
      "dev": true
    },
    "typescript": {
      "version": "3.9.6",
      "resolved": "https://registry.npmjs.org/typescript/-/typescript-3.9.6.tgz",
      "integrity": "sha1-jz4BmKNMOuFwkbNVcdOv0xmZNlo=",
      "dev": true
    }
  }
}
